
Microsoft Visual Studio Solution File, Format Version 12.00
# Visual Studio Version 17
VisualStudioVersion = 17.11.35312.102
MinimumVisualStudioVersion = 10.0.40219.1
Project("{FAE04EC0-301F-11D3-BF4B-00C04F79EFBC}") = "Template Method", "Template Method\Template Method.csproj", "{5AA39C68-8A32-4E38-8F12-BE48E2AA500B}"
EndProject
Global
	GlobalSection(SolutionConfigurationPlatforms) = preSolution
		Debug|Any CPU = Debug|Any CPU
		Release|Any CPU = Release|Any CPU
	EndGlobalSection
	GlobalSection(ProjectConfigurationPlatforms) = postSolution
		{5AA39C68-8A32-4E38-8F12-BE48E2AA500B}.Debug|Any CPU.ActiveCfg = Debug|Any CPU
		{5AA39C68-8A32-4E38-8F12-BE48E2AA500B}.Debug|Any CPU.Build.0 = Debug|Any CPU
		{5AA39C68-8A32-4E38-8F12-BE48E2AA500B}.Release|Any CPU.ActiveCfg = Release|Any CPU
		{5AA39C68-8A32-4E38-8F12-BE48E2AA500B}.Release|Any CPU.Build.0 = Release|Any CPU
	EndGlobalSection
	GlobalSection(SolutionProperties) = preSolution
		HideSolutionNode = FALSE
	EndGlobalSection
	GlobalSection(ExtensibilityGlobals) = postSolution
		SolutionGuid = {C2F5B46C-9186-46DA-9F5B-7576E98DC605}
	EndGlobalSection
EndGlobal
