
Microsoft Visual Studio Solution File, Format Version 12.00
# Visual Studio Version 17
VisualStudioVersion = 17.11.35219.272
MinimumVisualStudioVersion = 10.0.40219.1
Project("{FAE04EC0-301F-11D3-BF4B-00C04F79EFBC}") = "Adapter", "Adapter.csproj", "{194D4A64-EB5D-4CDE-936E-1CEF7BE03999}"
EndProject
Global
	GlobalSection(SolutionConfigurationPlatforms) = preSolution
		Debug|Any CPU = Debug|Any CPU
		Release|Any CPU = Release|Any CPU
	EndGlobalSection
	GlobalSection(ProjectConfigurationPlatforms) = postSolution
		{194D4A64-EB5D-4CDE-936E-1CEF7BE03999}.Debug|Any CPU.ActiveCfg = Debug|Any CPU
		{194D4A64-EB5D-4CDE-936E-1CEF7BE03999}.Debug|Any CPU.Build.0 = Debug|Any CPU
		{194D4A64-EB5D-4CDE-936E-1CEF7BE03999}.Release|Any CPU.ActiveCfg = Release|Any CPU
		{194D4A64-EB5D-4CDE-936E-1CEF7BE03999}.Release|Any CPU.Build.0 = Release|Any CPU
	EndGlobalSection
	GlobalSection(SolutionProperties) = preSolution
		HideSolutionNode = FALSE
	EndGlobalSection
	GlobalSection(ExtensibilityGlobals) = postSolution
		SolutionGuid = {74B771A3-DA21-40F2-8ECB-764233C7EEF4}
	EndGlobalSection
EndGlobal
