
Microsoft Visual Studio Solution File, Format Version 12.00
# Visual Studio Version 17
VisualStudioVersion = 17.11.35219.272
MinimumVisualStudioVersion = 10.0.40219.1
Project("{FAE04EC0-301F-11D3-BF4B-00C04F79EFBC}") = "Chain", "Chain\Chain.csproj", "{2BEEA8E4-929E-4864-AD84-503F909F88EB}"
EndProject
Global
	GlobalSection(SolutionConfigurationPlatforms) = preSolution
		Debug|Any CPU = Debug|Any CPU
		Release|Any CPU = Release|Any CPU
	EndGlobalSection
	GlobalSection(ProjectConfigurationPlatforms) = postSolution
		{2BEEA8E4-929E-4864-AD84-503F909F88EB}.Debug|Any CPU.ActiveCfg = Debug|Any CPU
		{2BEEA8E4-929E-4864-AD84-503F909F88EB}.Debug|Any CPU.Build.0 = Debug|Any CPU
		{2BEEA8E4-929E-4864-AD84-503F909F88EB}.Release|Any CPU.ActiveCfg = Release|Any CPU
		{2BEEA8E4-929E-4864-AD84-503F909F88EB}.Release|Any CPU.Build.0 = Release|Any CPU
	EndGlobalSection
	GlobalSection(SolutionProperties) = preSolution
		HideSolutionNode = FALSE
	EndGlobalSection
	GlobalSection(ExtensibilityGlobals) = postSolution
		SolutionGuid = {CDBD28E7-B12E-4DD1-9F0B-3E2BBF976477}
	EndGlobalSection
EndGlobal
